
Microsoft Visual Studio Solution File, Format Version 12.00
# Visual Studio Version 17
VisualStudioVersion = 17.13.35931.197 d17.13
MinimumVisualStudioVersion = 10.0.40219.1
Project("{FAE04EC0-301F-11D3-BF4B-00C04F79EFBC}") = "MoscowPolytechProject", "MoscowPolytechProject\MoscowPolytechProject.csproj", "{DD949E44-5F53-40AA-A21D-6CF3AEC05611}"
EndProject
Global
	GlobalSection(SolutionConfigurationPlatforms) = preSolution
		Debug|Any CPU = Debug|Any CPU
		Release|Any CPU = Release|Any CPU
	EndGlobalSection
	GlobalSection(ProjectConfigurationPlatforms) = postSolution
		{DD949E44-5F53-40AA-A21D-6CF3AEC05611}.Debug|Any CPU.ActiveCfg = Debug|Any CPU
		{DD949E44-5F53-40AA-A21D-6CF3AEC05611}.Debug|Any CPU.Build.0 = Debug|Any CPU
		{DD949E44-5F53-40AA-A21D-6CF3AEC05611}.Release|Any CPU.ActiveCfg = Release|Any CPU
		{DD949E44-5F53-40AA-A21D-6CF3AEC05611}.Release|Any CPU.Build.0 = Release|Any CPU
	EndGlobalSection
	GlobalSection(SolutionProperties) = preSolution
		HideSolutionNode = FALSE
	EndGlobalSection
	GlobalSection(ExtensibilityGlobals) = postSolution
		SolutionGuid = {76D256C2-2D4D-4517-8100-4E5F0539A593}
	EndGlobalSection
EndGlobal
